
Microsoft Visual Studio Solution File, Format Version 12.00
# Visual Studio Version 17
VisualStudioVersion = 17.0.31903.59
MinimumVisualStudioVersion = 10.0.40219.1
Project("{2150E333-8FDC-42A3-9474-1A3956D46DE8}") = "src", "src", "{827E0CD3-B72D-47B6-A68D-7590B98EB39B}"
EndProject
Project("{FAE04EC0-301F-11D3-BF4B-00C04F79EFBC}") = "Vult.Core", "src\Vult.Core\Vult.Core.csproj", "{076C8CC3-BF18-412C-887A-774593368FCC}"
EndProject
Project("{FAE04EC0-301F-11D3-BF4B-00C04F79EFBC}") = "Vult.Infrastructure", "src\Vult.Infrastructure\Vult.Infrastructure.csproj", "{E3297F0D-4E69-4994-951F-F3A8D168928B}"
EndProject
Project("{FAE04EC0-301F-11D3-BF4B-00C04F79EFBC}") = "Vult.Api", "src\Vult.Api\Vult.Api.csproj", "{65300861-4A21-4ADD-93E2-49BBCB80CE90}"
EndProject
Project("{2150E333-8FDC-42A3-9474-1A3956D46DE8}") = "test", "test", "{0C88DD14-F956-CE84-757C-A364CCF449FC}"
EndProject
Project("{FAE04EC0-301F-11D3-BF4B-00C04F79EFBC}") = "Vult.Core.Tests", "test\Vult.Core.Tests\Vult.Core.Tests.csproj", "{084A71C7-E267-4670-9A9F-1E5ED50DACDD}"
EndProject
Project("{FAE04EC0-301F-11D3-BF4B-00C04F79EFBC}") = "Vult.Infrastructure.Tests", "test\Vult.Infrastructure.Tests\Vult.Infrastructure.Tests.csproj", "{4C174013-8449-4729-901B-2CB4D4E2CF88}"
EndProject
Project("{FAE04EC0-301F-11D3-BF4B-00C04F79EFBC}") = "Vult.Api.Tests", "test\Vult.Api.Tests\Vult.Api.Tests.csproj", "{4996AC16-9A1B-42C3-8E9F-BC237DD5BAAC}"
EndProject
Project("{FAE04EC0-301F-11D3-BF4B-00C04F79EFBC}") = "Vult.Cli", "src\Vult.Cli\Vult.Cli.csproj", "{A1108984-3C11-47B8-9EB0-4B99FF87E8AC}"
EndProject
Project("{FAE04EC0-301F-11D3-BF4B-00C04F79EFBC}") = "Vult.Testing", "test\Vult.Testing\Vult.Testing.csproj", "{BDF7241B-2B21-42A7-B0B3-8989FAD3B56A}"
EndProject
Global
	GlobalSection(SolutionConfigurationPlatforms) = preSolution
		Debug|Any CPU = Debug|Any CPU
		Debug|x64 = Debug|x64
		Debug|x86 = Debug|x86
		Release|Any CPU = Release|Any CPU
		Release|x64 = Release|x64
		Release|x86 = Release|x86
	EndGlobalSection
	GlobalSection(ProjectConfigurationPlatforms) = postSolution
		{076C8CC3-BF18-412C-887A-774593368FCC}.Debug|Any CPU.ActiveCfg = Debug|Any CPU
		{076C8CC3-BF18-412C-887A-774593368FCC}.Debug|Any CPU.Build.0 = Debug|Any CPU
		{076C8CC3-BF18-412C-887A-774593368FCC}.Debug|x64.ActiveCfg = Debug|Any CPU
		{076C8CC3-BF18-412C-887A-774593368FCC}.Debug|x64.Build.0 = Debug|Any CPU
		{076C8CC3-BF18-412C-887A-774593368FCC}.Debug|x86.ActiveCfg = Debug|Any CPU
		{076C8CC3-BF18-412C-887A-774593368FCC}.Debug|x86.Build.0 = Debug|Any CPU
		{076C8CC3-BF18-412C-887A-774593368FCC}.Release|Any CPU.ActiveCfg = Release|Any CPU
		{076C8CC3-BF18-412C-887A-774593368FCC}.Release|Any CPU.Build.0 = Release|Any CPU
		{076C8CC3-BF18-412C-887A-774593368FCC}.Release|x64.ActiveCfg = Release|Any CPU
		{076C8CC3-BF18-412C-887A-774593368FCC}.Release|x64.Build.0 = Release|Any CPU
		{076C8CC3-BF18-412C-887A-774593368FCC}.Release|x86.ActiveCfg = Release|Any CPU
		{076C8CC3-BF18-412C-887A-774593368FCC}.Release|x86.Build.0 = Release|Any CPU
		{E3297F0D-4E69-4994-951F-F3A8D168928B}.Debug|Any CPU.ActiveCfg = Debug|Any CPU
		{E3297F0D-4E69-4994-951F-F3A8D168928B}.Debug|Any CPU.Build.0 = Debug|Any CPU
		{E3297F0D-4E69-4994-951F-F3A8D168928B}.Debug|x64.ActiveCfg = Debug|Any CPU
		{E3297F0D-4E69-4994-951F-F3A8D168928B}.Debug|x64.Build.0 = Debug|Any CPU
		{E3297F0D-4E69-4994-951F-F3A8D168928B}.Debug|x86.ActiveCfg = Debug|Any CPU
		{E3297F0D-4E69-4994-951F-F3A8D168928B}.Debug|x86.Build.0 = Debug|Any CPU
		{E3297F0D-4E69-4994-951F-F3A8D168928B}.Release|Any CPU.ActiveCfg = Release|Any CPU
		{E3297F0D-4E69-4994-951F-F3A8D168928B}.Release|Any CPU.Build.0 = Release|Any CPU
		{E3297F0D-4E69-4994-951F-F3A8D168928B}.Release|x64.ActiveCfg = Release|Any CPU
		{E3297F0D-4E69-4994-951F-F3A8D168928B}.Release|x64.Build.0 = Release|Any CPU
		{E3297F0D-4E69-4994-951F-F3A8D168928B}.Release|x86.ActiveCfg = Release|Any CPU
		{E3297F0D-4E69-4994-951F-F3A8D168928B}.Release|x86.Build.0 = Release|Any CPU
		{65300861-4A21-4ADD-93E2-49BBCB80CE90}.Debug|Any CPU.ActiveCfg = Debug|Any CPU
		{65300861-4A21-4ADD-93E2-49BBCB80CE90}.Debug|Any CPU.Build.0 = Debug|Any CPU
		{65300861-4A21-4ADD-93E2-49BBCB80CE90}.Debug|x64.ActiveCfg = Debug|Any CPU
		{65300861-4A21-4ADD-93E2-49BBCB80CE90}.Debug|x64.Build.0 = Debug|Any CPU
		{65300861-4A21-4ADD-93E2-49BBCB80CE90}.Debug|x86.ActiveCfg = Debug|Any CPU
		{65300861-4A21-4ADD-93E2-49BBCB80CE90}.Debug|x86.Build.0 = Debug|Any CPU
		{65300861-4A21-4ADD-93E2-49BBCB80CE90}.Release|Any CPU.ActiveCfg = Release|Any CPU
		{65300861-4A21-4ADD-93E2-49BBCB80CE90}.Release|Any CPU.Build.0 = Release|Any CPU
		{65300861-4A21-4ADD-93E2-49BBCB80CE90}.Release|x64.ActiveCfg = Release|Any CPU
		{65300861-4A21-4ADD-93E2-49BBCB80CE90}.Release|x64.Build.0 = Release|Any CPU
		{65300861-4A21-4ADD-93E2-49BBCB80CE90}.Release|x86.ActiveCfg = Release|Any CPU
		{65300861-4A21-4ADD-93E2-49BBCB80CE90}.Release|x86.Build.0 = Release|Any CPU
		{084A71C7-E267-4670-9A9F-1E5ED50DACDD}.Debug|Any CPU.ActiveCfg = Debug|Any CPU
		{084A71C7-E267-4670-9A9F-1E5ED50DACDD}.Debug|Any CPU.Build.0 = Debug|Any CPU
		{084A71C7-E267-4670-9A9F-1E5ED50DACDD}.Debug|x64.ActiveCfg = Debug|Any CPU
		{084A71C7-E267-4670-9A9F-1E5ED50DACDD}.Debug|x64.Build.0 = Debug|Any CPU
		{084A71C7-E267-4670-9A9F-1E5ED50DACDD}.Debug|x86.ActiveCfg = Debug|Any CPU
		{084A71C7-E267-4670-9A9F-1E5ED50DACDD}.Debug|x86.Build.0 = Debug|Any CPU
		{084A71C7-E267-4670-9A9F-1E5ED50DACDD}.Release|Any CPU.ActiveCfg = Release|Any CPU
		{084A71C7-E267-4670-9A9F-1E5ED50DACDD}.Release|Any CPU.Build.0 = Release|Any CPU
		{084A71C7-E267-4670-9A9F-1E5ED50DACDD}.Release|x64.ActiveCfg = Release|Any CPU
		{084A71C7-E267-4670-9A9F-1E5ED50DACDD}.Release|x64.Build.0 = Release|Any CPU
		{084A71C7-E267-4670-9A9F-1E5ED50DACDD}.Release|x86.ActiveCfg = Release|Any CPU
		{084A71C7-E267-4670-9A9F-1E5ED50DACDD}.Release|x86.Build.0 = Release|Any CPU
		{4C174013-8449-4729-901B-2CB4D4E2CF88}.Debug|Any CPU.ActiveCfg = Debug|Any CPU
		{4C174013-8449-4729-901B-2CB4D4E2CF88}.Debug|Any CPU.Build.0 = Debug|Any CPU
		{4C174013-8449-4729-901B-2CB4D4E2CF88}.Debug|x64.ActiveCfg = Debug|Any CPU
		{4C174013-8449-4729-901B-2CB4D4E2CF88}.Debug|x64.Build.0 = Debug|Any CPU
		{4C174013-8449-4729-901B-2CB4D4E2CF88}.Debug|x86.ActiveCfg = Debug|Any CPU
		{4C174013-8449-4729-901B-2CB4D4E2CF88}.Debug|x86.Build.0 = Debug|Any CPU
		{4C174013-8449-4729-901B-2CB4D4E2CF88}.Release|Any CPU.ActiveCfg = Release|Any CPU
		{4C174013-8449-4729-901B-2CB4D4E2CF88}.Release|Any CPU.Build.0 = Release|Any CPU
		{4C174013-8449-4729-901B-2CB4D4E2CF88}.Release|x64.ActiveCfg = Release|Any CPU
		{4C174013-8449-4729-901B-2CB4D4E2CF88}.Release|x64.Build.0 = Release|Any CPU
		{4C174013-8449-4729-901B-2CB4D4E2CF88}.Release|x86.ActiveCfg = Release|Any CPU
		{4C174013-8449-4729-901B-2CB4D4E2CF88}.Release|x86.Build.0 = Release|Any CPU
		{4996AC16-9A1B-42C3-8E9F-BC237DD5BAAC}.Debug|Any CPU.ActiveCfg = Debug|Any CPU
		{4996AC16-9A1B-42C3-8E9F-BC237DD5BAAC}.Debug|Any CPU.Build.0 = Debug|Any CPU
		{4996AC16-9A1B-42C3-8E9F-BC237DD5BAAC}.Debug|x64.ActiveCfg = Debug|Any CPU
		{4996AC16-9A1B-42C3-8E9F-BC237DD5BAAC}.Debug|x64.Build.0 = Debug|Any CPU
		{4996AC16-9A1B-42C3-8E9F-BC237DD5BAAC}.Debug|x86.ActiveCfg = Debug|Any CPU
		{4996AC16-9A1B-42C3-8E9F-BC237DD5BAAC}.Debug|x86.Build.0 = Debug|Any CPU
		{4996AC16-9A1B-42C3-8E9F-BC237DD5BAAC}.Release|Any CPU.ActiveCfg = Release|Any CPU
		{4996AC16-9A1B-42C3-8E9F-BC237DD5BAAC}.Release|Any CPU.Build.0 = Release|Any CPU
		{4996AC16-9A1B-42C3-8E9F-BC237DD5BAAC}.Release|x64.ActiveCfg = Release|Any CPU
		{4996AC16-9A1B-42C3-8E9F-BC237DD5BAAC}.Release|x64.Build.0 = Release|Any CPU
		{4996AC16-9A1B-42C3-8E9F-BC237DD5BAAC}.Release|x86.ActiveCfg = Release|Any CPU
		{4996AC16-9A1B-42C3-8E9F-BC237DD5BAAC}.Release|x86.Build.0 = Release|Any CPU
		{A1108984-3C11-47B8-9EB0-4B99FF87E8AC}.Debug|Any CPU.ActiveCfg = Debug|Any CPU
		{A1108984-3C11-47B8-9EB0-4B99FF87E8AC}.Debug|Any CPU.Build.0 = Debug|Any CPU
		{A1108984-3C11-47B8-9EB0-4B99FF87E8AC}.Debug|x64.ActiveCfg = Debug|Any CPU
		{A1108984-3C11-47B8-9EB0-4B99FF87E8AC}.Debug|x64.Build.0 = Debug|Any CPU
		{A1108984-3C11-47B8-9EB0-4B99FF87E8AC}.Debug|x86.ActiveCfg = Debug|Any CPU
		{A1108984-3C11-47B8-9EB0-4B99FF87E8AC}.Debug|x86.Build.0 = Debug|Any CPU
		{A1108984-3C11-47B8-9EB0-4B99FF87E8AC}.Release|Any CPU.ActiveCfg = Release|Any CPU
		{A1108984-3C11-47B8-9EB0-4B99FF87E8AC}.Release|Any CPU.Build.0 = Release|Any CPU
		{A1108984-3C11-47B8-9EB0-4B99FF87E8AC}.Release|x64.ActiveCfg = Release|Any CPU
		{A1108984-3C11-47B8-9EB0-4B99FF87E8AC}.Release|x64.Build.0 = Release|Any CPU
		{A1108984-3C11-47B8-9EB0-4B99FF87E8AC}.Release|x86.ActiveCfg = Release|Any CPU
		{A1108984-3C11-47B8-9EB0-4B99FF87E8AC}.Release|x86.Build.0 = Release|Any CPU
		{BDF7241B-2B21-42A7-B0B3-8989FAD3B56A}.Debug|Any CPU.ActiveCfg = Debug|Any CPU
		{BDF7241B-2B21-42A7-B0B3-8989FAD3B56A}.Debug|Any CPU.Build.0 = Debug|Any CPU
		{BDF7241B-2B21-42A7-B0B3-8989FAD3B56A}.Debug|x64.ActiveCfg = Debug|Any CPU
		{BDF7241B-2B21-42A7-B0B3-8989FAD3B56A}.Debug|x64.Build.0 = Debug|Any CPU
		{BDF7241B-2B21-42A7-B0B3-8989FAD3B56A}.Debug|x86.ActiveCfg = Debug|Any CPU
		{BDF7241B-2B21-42A7-B0B3-8989FAD3B56A}.Debug|x86.Build.0 = Debug|Any CPU
		{BDF7241B-2B21-42A7-B0B3-8989FAD3B56A}.Release|Any CPU.ActiveCfg = Release|Any CPU
		{BDF7241B-2B21-42A7-B0B3-8989FAD3B56A}.Release|Any CPU.Build.0 = Release|Any CPU
		{BDF7241B-2B21-42A7-B0B3-8989FAD3B56A}.Release|x64.ActiveCfg = Release|Any CPU
		{BDF7241B-2B21-42A7-B0B3-8989FAD3B56A}.Release|x64.Build.0 = Release|Any CPU
		{BDF7241B-2B21-42A7-B0B3-8989FAD3B56A}.Release|x86.ActiveCfg = Release|Any CPU
		{BDF7241B-2B21-42A7-B0B3-8989FAD3B56A}.Release|x86.Build.0 = Release|Any CPU
	EndGlobalSection
	GlobalSection(SolutionProperties) = preSolution
		HideSolutionNode = FALSE
	EndGlobalSection
	GlobalSection(NestedProjects) = preSolution
		{076C8CC3-BF18-412C-887A-774593368FCC} = {827E0CD3-B72D-47B6-A68D-7590B98EB39B}
		{E3297F0D-4E69-4994-951F-F3A8D168928B} = {827E0CD3-B72D-47B6-A68D-7590B98EB39B}
		{65300861-4A21-4ADD-93E2-49BBCB80CE90} = {827E0CD3-B72D-47B6-A68D-7590B98EB39B}
		{084A71C7-E267-4670-9A9F-1E5ED50DACDD} = {0C88DD14-F956-CE84-757C-A364CCF449FC}
		{4C174013-8449-4729-901B-2CB4D4E2CF88} = {0C88DD14-F956-CE84-757C-A364CCF449FC}
		{4996AC16-9A1B-42C3-8E9F-BC237DD5BAAC} = {0C88DD14-F956-CE84-757C-A364CCF449FC}
		{A1108984-3C11-47B8-9EB0-4B99FF87E8AC} = {827E0CD3-B72D-47B6-A68D-7590B98EB39B}
		{BDF7241B-2B21-42A7-B0B3-8989FAD3B56A} = {0C88DD14-F956-CE84-757C-A364CCF449FC}
	EndGlobalSection
EndGlobal
